
Microsoft Visual Studio Solution File, Format Version 12.00
# Visual Studio Version 17
VisualStudioVersion = 17.11.35431.28
MinimumVisualStudioVersion = 10.0.40219.1
Project("{FAE04EC0-301F-11D3-BF4B-00C04F79EFBC}") = "Fecha", "Fecha\Fecha.csproj", "{FFB2037B-EB32-4EF4-899C-A6557BE61A18}"
EndProject
Global
	GlobalSection(SolutionConfigurationPlatforms) = preSolution
		Debug|Any CPU = Debug|Any CPU
		Release|Any CPU = Release|Any CPU
	EndGlobalSection
	GlobalSection(ProjectConfigurationPlatforms) = postSolution
		{FFB2037B-EB32-4EF4-899C-A6557BE61A18}.Debug|Any CPU.ActiveCfg = Debug|Any CPU
		{FFB2037B-EB32-4EF4-899C-A6557BE61A18}.Debug|Any CPU.Build.0 = Debug|Any CPU
		{FFB2037B-EB32-4EF4-899C-A6557BE61A18}.Release|Any CPU.ActiveCfg = Release|Any CPU
		{FFB2037B-EB32-4EF4-899C-A6557BE61A18}.Release|Any CPU.Build.0 = Release|Any CPU
	EndGlobalSection
	GlobalSection(SolutionProperties) = preSolution
		HideSolutionNode = FALSE
	EndGlobalSection
	GlobalSection(ExtensibilityGlobals) = postSolution
		SolutionGuid = {0DABD404-1E83-4781-91D8-1647C41A1196}
	EndGlobalSection
EndGlobal
