
Microsoft Visual Studio Solution File, Format Version 12.00
# Visual Studio Version 17
VisualStudioVersion = 17.14.36429.23
MinimumVisualStudioVersion = 10.0.40219.1
Project("{FAE04EC0-301F-11D3-BF4B-00C04F79EFBC}") = "GesFactura", "GesFactura\GesFactura.csproj", "{13E7DD71-2C60-4ADF-9895-F8BB2A9C9B30}"
	ProjectSection(ProjectDependencies) = postProject
		{BF0A88DB-4316-4F70-8213-39E5BE7E3937} = {BF0A88DB-4316-4F70-8213-39E5BE7E3937}
	EndProjectSection
EndProject
Project("{FAE04EC0-301F-11D3-BF4B-00C04F79EFBC}") = "FacturaWS", "FacturaWS\FacturaWS.csproj", "{BF0A88DB-4316-4F70-8213-39E5BE7E3937}"
EndProject
Global
	GlobalSection(SolutionConfigurationPlatforms) = preSolution
		Debug|Any CPU = Debug|Any CPU
		Release|Any CPU = Release|Any CPU
	EndGlobalSection
	GlobalSection(ProjectConfigurationPlatforms) = postSolution
		{13E7DD71-2C60-4ADF-9895-F8BB2A9C9B30}.Debug|Any CPU.ActiveCfg = Debug|Any CPU
		{13E7DD71-2C60-4ADF-9895-F8BB2A9C9B30}.Debug|Any CPU.Build.0 = Debug|Any CPU
		{13E7DD71-2C60-4ADF-9895-F8BB2A9C9B30}.Release|Any CPU.ActiveCfg = Release|Any CPU
		{13E7DD71-2C60-4ADF-9895-F8BB2A9C9B30}.Release|Any CPU.Build.0 = Release|Any CPU
		{BF0A88DB-4316-4F70-8213-39E5BE7E3937}.Debug|Any CPU.ActiveCfg = Debug|Any CPU
		{BF0A88DB-4316-4F70-8213-39E5BE7E3937}.Debug|Any CPU.Build.0 = Debug|Any CPU
		{BF0A88DB-4316-4F70-8213-39E5BE7E3937}.Release|Any CPU.ActiveCfg = Release|Any CPU
		{BF0A88DB-4316-4F70-8213-39E5BE7E3937}.Release|Any CPU.Build.0 = Release|Any CPU
	EndGlobalSection
	GlobalSection(SolutionProperties) = preSolution
		HideSolutionNode = FALSE
	EndGlobalSection
	GlobalSection(ExtensibilityGlobals) = postSolution
		SolutionGuid = {AC8F6AE8-0B4C-4D05-833E-D8F99240757E}
	EndGlobalSection
EndGlobal
